
Microsoft Visual Studio Solution File, Format Version 12.00
# Visual Studio 15
VisualStudioVersion = 15.0.27428.2037
MinimumVisualStudioVersion = 10.0.40219.1
Project("{FAE04EC0-301F-11D3-BF4B-00C04F79EFBC}") = "Upalala", "Upalala\Upalala.csproj", "{61088947-4B0B-4A77-A39C-EFDA1F60419E}"
EndProject
Global
	GlobalSection(SolutionConfigurationPlatforms) = preSolution
		Debug|Any CPU = Debug|Any CPU
		Release|Any CPU = Release|Any CPU
	EndGlobalSection
	GlobalSection(ProjectConfigurationPlatforms) = postSolution
		{61088947-4B0B-4A77-A39C-EFDA1F60419E}.Debug|Any CPU.ActiveCfg = Debug|Any CPU
		{61088947-4B0B-4A77-A39C-EFDA1F60419E}.Debug|Any CPU.Build.0 = Debug|Any CPU
		{61088947-4B0B-4A77-A39C-EFDA1F60419E}.Release|Any CPU.ActiveCfg = Release|Any CPU
		{61088947-4B0B-4A77-A39C-EFDA1F60419E}.Release|Any CPU.Build.0 = Release|Any CPU
	EndGlobalSection
	GlobalSection(SolutionProperties) = preSolution
		HideSolutionNode = FALSE
	EndGlobalSection
	GlobalSection(ExtensibilityGlobals) = postSolution
		SolutionGuid = {4A3A7BC9-52F5-4197-8533-1134FCF8493C}
	EndGlobalSection
EndGlobal
